// !$*UTF8*$!
{
	archiveVersion = 1;
	classes = {
	};
	objectVersion = 48;
	objects = {

/* Begin PBXBuildFile section */
		BB1782E32056DECE00837D96 /* AppDelegate.swift in Sources */ = {isa = PBXBuildFile; fileRef = BB1782E22056DECE00837D96 /* AppDelegate.swift */; };
		BB1782E52056DECE00837D96 /* ViewController.swift in Sources */ = {isa = PBXBuildFile; fileRef = BB1782E42056DECE00837D96 /* ViewController.swift */; };
		BB1782E82056DECE00837D96 /* Main.storyboard in Resources */ = {isa = PBXBuildFile; fileRef = BB1782E62056DECE00837D96 /* Main.storyboard */; };
		BB1782EA2056DECE00837D96 /* Assets.xcassets in Resources */ = {isa = PBXBuildFile; fileRef = BB1782E92056DECE00837D96 /* Assets.xcassets */; };
		BB1782ED2056DECE00837D96 /* LaunchScreen.storyboard in Resources */ = {isa = PBXBuildFile; fileRef = BB1782EB2056DECE00837D96 /* LaunchScreen.storyboard */; };
/* End PBXBuildFile section */

/* Begin PBXFileReference section */
		BB1782DF2056DECE00837D96 /* ConvertIt.app */ = {isa = PBXFileReference; explicitFileType = wrapper.application; includeInIndex = 0; path = ConvertIt.app; sourceTree = BUILT_PRODUCTS_DIR; };
		BB1782E22056DECE00837D96 /* AppDelegate.swift */ = {isa = PBXFileReference; lastKnownFileType = sourcecode.swift; path = AppDelegate.swift; sourceTree = "<group>"; };
		BB1782E42056DECE00837D96 /* ViewController.swift */ = {isa = PBXFileReference; lastKnownFileType = sourcecode.swift; path = ViewController.swift; sourceTree = "<group>"; };
		BB1782E72056DECE00837D96 /* Base */ = {isa = PBXFileReference; lastKnownFileType = file.storyboard; name = Base; path = Base.lproj/Main.storyboard; sourceTree = "<group>"; };
		BB1782E92056DECE00837D96 /* Assets.xcassets */ = {isa = PBXFileReference; lastKnownFileType = folder.assetcatalog; path = Assets.xcassets; sourceTree = "<group>"; };
		BB1782EC2056DECE00837D96 /* Base */ = {isa = PBXFileReference; lastKnownFileType = file.storyboard; name = Base; path = Base.lproj/LaunchScreen.storyboard; sourceTree = "<group>"; };
		BB1782EE2056DECE00837D96 /* Info.plist */ = {isa = PBXFileReference; lastKnownFileType = text.plist.xml; path = Info.plist; sourceTree = "<group>"; };
/* End PBXFileReference section */

/* Begin PBXFrameworksBuildPhase section */
		BB1782DC2056DECE00837D96 /* Frameworks */ = {
			isa = PBXFrameworksBuildPhase;
			buildActionMask = 2147483647;
			files = (
			);
			runOnlyForDeploymentPostprocessing = 0;
		};
/* End PBXFrameworksBuildPhase section */

/* Begin PBXGroup section */
		BB1782D62056DECE00837D96 = {
			isa = PBXGroup;
			children = (
				BB1782E12056DECE00837D96 /* ConvertIt */,
				BB1782E02056DECE00837D96 /* Products */,
			);
			sourceTree = "<group>";
		};
		BB1782E02056DECE00837D96 /* Products */ = {
			isa = PBXGroup;
			children = (
				BB1782DF2056DECE00837D96 /* ConvertIt.app */,
			);
			name = Products;
			sourceTree = "<group>";
		};
		BB1782E12056DECE00837D96 /* ConvertIt */ = {
			isa = PBXGroup;
			children = (
				BB1782E22056DECE00837D96 /* AppDelegate.swift */,
				BB1782E42056DECE00837D96 /* ViewController.swift */,
				BB1782E62056DECE00837D96 /* Main.storyboard */,
				BB1782E92056DECE00837D96 /* Assets.xcassets */,
				BB1782EB2056DECE00837D96 /* LaunchScreen.storyboard */,
				BB1782EE2056DECE00837D96 /* Info.plist */,
			);
			path = ConvertIt;
			sourceTree = "<group>";
		};
/* End PBXGroup section */

/* Begin PBXNativeTarget section */
		BB1782DE2056DECE00837D96 /* ConvertIt */ = {
			isa = PBXNativeTarget;
			buildConfigurationList = BB1782F12056DECE00837D96 /* Build configuration list for PBXNativeTarget "ConvertIt" */;
			buildPhases = (
				BB1782DB2056DECE00837D96 /* Sources */,
				BB1782DC2056DECE00837D96 /* Frameworks */,
				BB1782DD2056DECE00837D96 /* Resources */,
			);
			buildRules = (
			);
			dependencies = (
			);
			name = ConvertIt;
			productName = ConvertIt;
			productReference = BB1782DF2056DECE00837D96 /* ConvertIt.app */;
			productType = "com.apple.product-type.application";
		};
/* End PBXNativeTarget section */

/* Begin PBXProject section */
		BB1782D72056DECE00837D96 /* Project object */ = {
			isa = PBXProject;
			attributes = {
				LastSwiftUpdateCheck = 0920;
				LastUpgradeCheck = 0920;
				ORGANIZATIONNAME = Gu;
				TargetAttributes = {
					BB1782DE2056DECE00837D96 = {
						CreatedOnToolsVersion = 9.2;
						ProvisioningStyle = Automatic;
					};
				};
			};
			buildConfigurationList = BB1782DA2056DECE00837D96 /* Build configuration list for PBXProject "ConvertIt" */;
			compatibilityVersion = "Xcode 8.0";
			developmentRegion = en;
			hasScannedForEncodings = 0;
			knownRegions = (
				en,
				Base,
			);
			mainGroup = BB1782D62056DECE00837D96;
			productRefGroup = BB1782E02056DECE00837D96 /* Products */;
			projectDirPath = "";
			projectRoot = "";
			targets = (
				BB1782DE2056DECE00837D96 /* ConvertIt */,
			);
		};
/* End PBXProject section */

/* Begin PBXResourcesBuildPhase section */
		BB1782DD2056DECE00837D96 /* Resources */ = {
			isa = PBXResourcesBuildPhase;
			buildActionMask = 2147483647;
			files = (
				BB1782ED2056DECE00837D96 /* LaunchScreen.storyboard in Resources */,
				BB1782EA2056DECE00837D96 /* Assets.xcassets in Resources */,
				BB1782E82056DECE00837D96 /* Main.storyboard in Resources */,
			);
			runOnlyForDeploymentPostprocessing = 0;
		};
/* End PBXResourcesBuildPhase section */

/* Begin PBXSourcesBuildPhase section */
		BB1782DB2056DECE00837D96 /* Sources */ = {
			isa = PBXSourcesBuildPhase;
			buildActionMask = 2147483647;
			files = (
				BB1782E52056DECE00837D96 /* ViewController.swift in Sources */,
				BB1782E32056DECE00837D96 /* AppDelegate.swift in Sources */,
			);
			runOnlyForDeploymentPostprocessing = 0;
		};
/* End PBXSourcesBuildPhase section */

/* Begin PBXVariantGroup section */
		BB1782E62056DECE00837D96 /* Main.storyboard */ = {
			isa = PBXVariantGroup;
			children = (
				BB1782E72056DECE00837D96 /* Base */,
			);
			name = Main.storyboard;
			sourceTree = "<group>";
		};
		BB1782EB2056DECE00837D96 /* LaunchScreen.storyboard */ = {
			isa = PBXVariantGroup;
			children = (
				BB1782EC2056DECE00837D96 /* Base */,
			);
			name = LaunchScreen.storyboard;
			sourceTree = "<group>";
		};
/* End PBXVariantGroup section */

/* Begin XCBuildConfiguration section */
		BB1782EF2056DECE00837D96 /* Debug */ = {
			isa = XCBuildConfiguration;
			buildSettings = {
				ALWAYS_SEARCH_USER_PATHS = NO;
				CLANG_ANALYZER_NONNULL = YES;
				CLANG_ANALYZER_NUMBER_OBJECT_CONVERSION = YES_AGGRESSIVE;
				CLANG_CXX_LANGUAGE_STANDARD = "gnu++14";
				CLANG_CXX_LIBRARY = "libc++";
				CLANG_ENABLE_MODULES = YES;
				CLANG_ENABLE_OBJC_ARC = YES;
				CLANG_WARN_BLOCK_CAPTURE_AUTORELEASING = YES;
				CLANG_WARN_BOOL_CONVERSION = YES;
				CLANG_WARN_COMMA = YES;
				CLANG_WARN_CONSTANT_CONVERSION = YES;
				CLANG_WARN_DIRECT_OBJC_ISA_USAGE = YES_ERROR;
				CLANG_WARN_DOCUMENTATION_COMMENTS = YES;
				CLANG_WARN_EMPTY_BODY = YES;
				CLANG_WARN_ENUM_CONVERSION = YES;
				CLANG_WARN_INFINITE_RECURSION = YES;
				CLANG_WARN_INT_CONVERSION = YES;
				CLANG_WARN_NON_LITERAL_NULL_CONVERSION = YES;
				CLANG_WARN_OBJC_LITERAL_CONVERSION = YES;
				CLANG_WARN_OBJC_ROOT_CLASS = YES_ERROR;
				CLANG_WARN_RANGE_LOOP_ANALYSIS = YES;
				CLANG_WARN_STRICT_PROTOTYPES = YES;
				CLANG_WARN_SUSPICIOUS_MOVE = YES;
				CLANG_WARN_UNGUARDED_AVAILABILITY = YES_AGGRESSIVE;
				CLANG_WARN_UNREACHABLE_CODE = YES;
				CLANG_WARN__DUPLICATE_METHOD_MATCH = YES;
				CODE_SIGN_IDENTITY = "iPhone Developer";
				COPY_PHASE_STRIP = NO;
				DEBUG_INFORMATION_FORMAT = dwarf;
				ENABLE_STRICT_OBJC_MSGSEND = YES;
				ENABLE_TESTABILITY = YES;
				GCC_C_LANGUAGE_STANDARD = gnu11;
				GCC_DYNAMIC_NO_PIC = NO;
				GCC_NO_COMMON_BLOCKS = YES;
				GCC_OPTIMIZATION_LEVEL = 0;
				GCC_PREPROCESSOR_DEFINITIONS = (
					"DEBUG=1",
					"$(inherited)",
				);
				GCC_WARN_64_TO_32_BIT_CONVERSION = YES;
				GCC_WARN_ABOUT_RETURN_TYPE = YES_ERROR;
				GCC_WARN_UNDECLARED_SELECTOR = YES;
				GCC_WARN_UNINITIALIZED_AUTOS = YES_AGGRESSIVE;
				GCC_WARN_UNUSED_FUNCTION = YES;
				GCC_WARN_UNUSED_VARIABLE = YES;
				IPHONEOS_DEPLOYMENT_TARGET = 11.2;
				MTL_ENABLE_DEBUG_INFO = YES;
				ONLY_ACTIVE_ARCH = YES;
				SDKROOT = iphoneos;
				SWIFT_ACTIVE_COMPILATION_CONDITIONS = DEBUG;
				SWIFT_OPTIMIZATION_LEVEL = "-Onone";
			};
			name = Debug;
		};
		BB1782F02056DECE00837D96 /* Release */ = {
			isa = XCBuildConfiguration;
			buildSettings = {
				ALWAYS_SEARCH_USER_PATHS = NO;
				CLANG_ANALYZER_NONNULL = YES;
				CLANG_ANALYZER_NUMBER_OBJECT_CONVERSION = YES_AGGRESSIVE;
				CLANG_CXX_LANGUAGE_STANDARD = "gnu++14";
				CLANG_CXX_LIBRARY = "libc++";
				CLANG_ENABLE_MODULES = YES;
				CLANG_ENABLE_OBJC_ARC = YES;
				CLANG_WARN_BLOCK_CAPTURE_AUTORELEASING = YES;
				CLANG_WARN_BOOL_CONVERSION = YES;
				CLANG_WARN_COMMA = YES;
				CLANG_WARN_CONSTANT_CONVERSION = YES;
				CLANG_WARN_DIRECT_OBJC_ISA_USAGE = YES_ERROR;
				CLANG_WARN_DOCUMENTATION_COMMENTS = YES;
				CLANG_WARN_EMPTY_BODY = YES;
				CLANG_WARN_ENUM_CONVERSION = YES;
				CLANG_WARN_INFINITE_RECURSION = YES;
				CLANG_WARN_INT_CONVERSION = YES;
				CLANG_WARN_NON_LITERAL_NULL_CONVERSION = YES;
				CLANG_WARN_OBJC_LITERAL_CONVERSION = YES;
				CLANG_WARN_OBJC_ROOT_CLASS = YES_ERROR;
				CLANG_WARN_RANGE_LOOP_ANALYSIS = YES;
				CLANG_WARN_STRICT_PROTOTYPES = YES;
				CLANG_WARN_SUSPICIOUS_MOVE = YES;
				CLANG_WARN_UNGUARDED_AVAILABILITY = YES_AGGRESSIVE;
				CLANG_WARN_UNREACHABLE_CODE = YES;
				CLANG_WARN__DUPLICATE_METHOD_MATCH = YES;
				CODE_SIGN_IDENTITY = "iPhone Developer";
				COPY_PHASE_STRIP = NO;
				DEBUG_INFORMATION_FORMAT = "dwarf-with-dsym";
				ENABLE_NS_ASSERTIONS = NO;
				ENABLE_STRICT_OBJC_MSGSEND = YES;
				GCC_C_LANGUAGE_STANDARD = gnu11;
				GCC_NO_COMMON_BLOCKS = YES;
				GCC_WARN_64_TO_32_BIT_CONVERSION = YES;
				GCC_WARN_ABOUT_RETURN_TYPE = YES_ERROR;
				GCC_WARN_UNDECLARED_SELECTOR = YES;
				GCC_WARN_UNINITIALIZED_AUTOS = YES_AGGRESSIVE;
				GCC_WARN_UNUSED_FUNCTION = YES;
				GCC_WARN_UNUSED_VARIABLE = YES;
				IPHONEOS_DEPLOYMENT_TARGET = 11.2;
				MTL_ENABLE_DEBUG_INFO = NO;
				SDKROOT = iphoneos;
				SWIFT_OPTIMIZATION_LEVEL = "-Owholemodule";
				VALIDATE_PRODUCT = YES;
			};
			name = Release;
		};
		BB1782F22056DECE00837D96 /* Debug */ = {
			isa = XCBuildConfiguration;
			buildSettings = {
				ASSETCATALOG_COMPILER_APPICON_NAME = AppIcon;
				CODE_SIGN_STYLE = Automatic;
				DEVELOPMENT_TEAM = AMG49Z5HS2;
				INFOPLIST_FILE = ConvertIt/Info.plist;
				LD_RUNPATH_SEARCH_PATHS = "$(inherited) @executable_path/Frameworks";
				PRODUCT_BUNDLE_IDENTIFIER = com.gu.ConvertIt;
				PRODUCT_NAME = "$(TARGET_NAME)";
				SWIFT_VERSION = 4.0;
				TARGETED_DEVICE_FAMILY = "1,2";
			};
			name = Debug;
		};
		BB1782F32056DECE00837D96 /* Release */ = {
			isa = XCBuildConfiguration;
			buildSettings = {
				ASSETCATALOG_COMPILER_APPICON_NAME = AppIcon;
				CODE_SIGN_STYLE = Automatic;
				DEVELOPMENT_TEAM = AMG49Z5HS2;
				INFOPLIST_FILE = ConvertIt/Info.plist;
				LD_RUNPATH_SEARCH_PATHS = "$(inherited) @executable_path/Frameworks";
				PRODUCT_BUNDLE_IDENTIFIER = com.gu.ConvertIt;
				PRODUCT_NAME = "$(TARGET_NAME)";
				SWIFT_VERSION = 4.0;
				TARGETED_DEVICE_FAMILY = "1,2";
			};
			name = Release;
		};
/* End XCBuildConfiguration section */

/* Begin XCConfigurationList section */
		BB1782DA2056DECE00837D96 /* Build configuration list for PBXProject "ConvertIt" */ = {
			isa = XCConfigurationList;
			buildConfigurations = (
				BB1782EF2056DECE00837D96 /* Debug */,
				BB1782F02056DECE00837D96 /* Release */,
			);
			defaultConfigurationIsVisible = 0;
			defaultConfigurationName = Release;
		};
		BB1782F12056DECE00837D96 /* Build configuration list for PBXNativeTarget "ConvertIt" */ = {
			isa = XCConfigurationList;
			buildConfigurations = (
				BB1782F22056DECE00837D96 /* Debug */,
				BB1782F32056DECE00837D96 /* Release */,
			);
			defaultConfigurationIsVisible = 0;
			defaultConfigurationName = Release;
		};
/* End XCConfigurationList section */
	};
	rootObject = BB1782D72056DECE00837D96 /* Project object */;
}
